// !$*UTF8*$!
{
	archiveVersion = 1;
	classes = {
	};
	objectVersion = 50;
	objects = {

/* Begin PBXBuildFile section */
		3FDDF0C02357AD6A0078D34E /* AppDelegate.swift in Sources */ = {isa = PBXBuildFile; fileRef = 3FDDF0BF2357AD6A0078D34E /* AppDelegate.swift */; };
		3FDDF0C22357AD6A0078D34E /* SceneDelegate.swift in Sources */ = {isa = PBXBuildFile; fileRef = 3FDDF0C12357AD6A0078D34E /* SceneDelegate.swift */; };
		3FDDF0C62357AD790078D34E /* Assets.xcassets in Resources */ = {isa = PBXBuildFile; fileRef = 3FDDF0C52357AD790078D34E /* Assets.xcassets */; };
		3FDDF0C92357AD790078D34E /* Preview Assets.xcassets in Resources */ = {isa = PBXBuildFile; fileRef = 3FDDF0C82357AD790078D34E /* Preview Assets.xcassets */; };
		3FDDF0CC2357AD790078D34E /* LaunchScreen.storyboard in Resources */ = {isa = PBXBuildFile; fileRef = 3FDDF0CA2357AD790078D34E /* LaunchScreen.storyboard */; };
		3FDDF0D72357AD790078D34E /* Project_2_Stewart_JasonTests.swift in Sources */ = {isa = PBXBuildFile; fileRef = 3FDDF0D62357AD790078D34E /* Project_2_Stewart_JasonTests.swift */; };
		3FDDF0E22357AD790078D34E /* Project_2_Stewart_JasonUITests.swift in Sources */ = {isa = PBXBuildFile; fileRef = 3FDDF0E12357AD790078D34E /* Project_2_Stewart_JasonUITests.swift */; };
		3FDDF0F42357CFBD0078D34E /* President.swift in Sources */ = {isa = PBXBuildFile; fileRef = 3FDDF0F32357CFBD0078D34E /* President.swift */; };
		3FDDF0F62357CFE50078D34E /* PresidentRow.swift in Sources */ = {isa = PBXBuildFile; fileRef = 3FDDF0F52357CFE50078D34E /* PresidentRow.swift */; };
		3FDDF0F82357CFF00078D34E /* Data.swift in Sources */ = {isa = PBXBuildFile; fileRef = 3FDDF0F72357CFF00078D34E /* Data.swift */; };
		3FDDF0FA2357D09A0078D34E /* presidents.json in Resources */ = {isa = PBXBuildFile; fileRef = 3FDDF0F92357D09A0078D34E /* presidents.json */; };
		3FDDF0FC2357DAC50078D34E /* 1-washington.jpg in Resources */ = {isa = PBXBuildFile; fileRef = 3FDDF0FB2357DAC50078D34E /* 1-washington.jpg */; };
		3FDDF15C2357E8470078D34E /* PresidentList.swift in Sources */ = {isa = PBXBuildFile; fileRef = 3FDDF15B2357E8470078D34E /* PresidentList.swift */; };
		3FDDF1602357E9E90078D34E /* PresidentDetail.swift in Sources */ = {isa = PBXBuildFile; fileRef = 3FDDF15F2357E9E90078D34E /* PresidentDetail.swift */; };
		3FDDF1C12358186B0078D34E /* CircleImage.swift in Sources */ = {isa = PBXBuildFile; fileRef = 3FDDF1C02358186B0078D34E /* CircleImage.swift */; };
		3FDDF1EF2358224A0078D34E /* US_President_L_11.jpg in Resources */ = {isa = PBXBuildFile; fileRef = 3FDDF1C2235822480078D34E /* US_President_L_11.jpg */; };
		3FDDF1F02358224A0078D34E /* US_President_L_26.jpg in Resources */ = {isa = PBXBuildFile; fileRef = 3FDDF1C3235822480078D34E /* US_President_L_26.jpg */; };
		3FDDF1F12358224A0078D34E /* US_President_L_18.jpg in Resources */ = {isa = PBXBuildFile; fileRef = 3FDDF1C4235822480078D34E /* US_President_L_18.jpg */; };
		3FDDF1F22358224A0078D34E /* US_President_L_17.jpg in Resources */ = {isa = PBXBuildFile; fileRef = 3FDDF1C5235822480078D34E /* US_President_L_17.jpg */; };
		3FDDF1F32358224A0078D34E /* US_President_L_9.jpg in Resources */ = {isa = PBXBuildFile; fileRef = 3FDDF1C6235822480078D34E /* US_President_L_9.jpg */; };
		3FDDF1F42358224A0078D34E /* US_President_L_30.jpg in Resources */ = {isa = PBXBuildFile; fileRef = 3FDDF1C7235822480078D34E /* US_President_L_30.jpg */; };
		3FDDF1F52358224A0078D34E /* US_President_L_12.jpg in Resources */ = {isa = PBXBuildFile; fileRef = 3FDDF1C8235822480078D34E /* US_President_L_12.jpg */; };
		3FDDF1F62358224A0078D34E /* US_President_L_33.jpg in Resources */ = {isa = PBXBuildFile; fileRef = 3FDDF1C9235822480078D34E /* US_President_L_33.jpg */; };
		3FDDF1F72358224A0078D34E /* US_President_L_29.jpg in Resources */ = {isa = PBXBuildFile; fileRef = 3FDDF1CA235822480078D34E /* US_President_L_29.jpg */; };
		3FDDF1F82358224A0078D34E /* US_President_L_35.jpg in Resources */ = {isa = PBXBuildFile; fileRef = 3FDDF1CB235822480078D34E /* US_President_L_35.jpg */; };
		3FDDF1F92358224A0078D34E /* US_President_L_34.jpg in Resources */ = {isa = PBXBuildFile; fileRef = 3FDDF1CC235822480078D34E /* US_President_L_34.jpg */; };
		3FDDF1FA2358224A0078D34E /* US_President_L_10.jpg in Resources */ = {isa = PBXBuildFile; fileRef = 3FDDF1CD235822480078D34E /* US_President_L_10.jpg */; };
		3FDDF1FB2358224A0078D34E /* US_President_L_42.jpg in Resources */ = {isa = PBXBuildFile; fileRef = 3FDDF1CE235822480078D34E /* US_President_L_42.jpg */; };
		3FDDF1FC2358224A0078D34E /* US_President_L_15.jpg in Resources */ = {isa = PBXBuildFile; fileRef = 3FDDF1CF235822480078D34E /* US_President_L_15.jpg */; };
		3FDDF1FD2358224A0078D34E /* US_President_L_44.jpg in Resources */ = {isa = PBXBuildFile; fileRef = 3FDDF1D0235822480078D34E /* US_President_L_44.jpg */; };
		3FDDF1FE2358224A0078D34E /* US_President_L_19.jpg in Resources */ = {isa = PBXBuildFile; fileRef = 3FDDF1D1235822480078D34E /* US_President_L_19.jpg */; };
		3FDDF1FF2358224A0078D34E /* US_President_L_32.jpg in Resources */ = {isa = PBXBuildFile; fileRef = 3FDDF1D2235822480078D34E /* US_President_L_32.jpg */; };
		3FDDF2002358224A0078D34E /* US_President_L_27.jpg in Resources */ = {isa = PBXBuildFile; fileRef = 3FDDF1D3235822480078D34E /* US_President_L_27.jpg */; };
		3FDDF2012358224A0078D34E /* US_President_L_40.jpg in Resources */ = {isa = PBXBuildFile; fileRef = 3FDDF1D4235822480078D34E /* US_President_L_40.jpg */; };
		3FDDF2022358224A0078D34E /* US_President_L_23.jpg in Resources */ = {isa = PBXBuildFile; fileRef = 3FDDF1D5235822490078D34E /* US_President_L_23.jpg */; };
		3FDDF2032358224A0078D34E /* US_President_L_28.jpg in Resources */ = {isa = PBXBuildFile; fileRef = 3FDDF1D6235822490078D34E /* US_President_L_28.jpg */; };
		3FDDF2042358224A0078D34E /* US_President_L_7.jpg in Resources */ = {isa = PBXBuildFile; fileRef = 3FDDF1D7235822490078D34E /* US_President_L_7.jpg */; };
		3FDDF2052358224A0078D34E /* US_President_L_25.jpg in Resources */ = {isa = PBXBuildFile; fileRef = 3FDDF1D8235822490078D34E /* US_President_L_25.jpg */; };
		3FDDF2062358224A0078D34E /* US_President_L_20.jpg in Resources */ = {isa = PBXBuildFile; fileRef = 3FDDF1D9235822490078D34E /* US_President_L_20.jpg */; };
		3FDDF2072358224A0078D34E /* US_President_L_21.jpg in Resources */ = {isa = PBXBuildFile; fileRef = 3FDDF1DA235822490078D34E /* US_President_L_21.jpg */; };
		3FDDF2082358224A0078D34E /* US_President_L_38.jpg in Resources */ = {isa = PBXBuildFile; fileRef = 3FDDF1DB235822490078D34E /* US_President_L_38.jpg */; };
		3FDDF2092358224A0078D34E /* US_President_L_37.jpg in Resources */ = {isa = PBXBuildFile; fileRef = 3FDDF1DC235822490078D34E /* US_President_L_37.jpg */; };
		3FDDF20A2358224A0078D34E /* US_President_L_43.jpeg in Resources */ = {isa = PBXBuildFile; fileRef = 3FDDF1DD235822490078D34E /* US_President_L_43.jpeg */; };
		3FDDF20B2358224A0078D34E /* US_President_L_4.jpg in Resources */ = {isa = PBXBuildFile; fileRef = 3FDDF1DE235822490078D34E /* US_President_L_4.jpg */; };
		3FDDF20C2358224A0078D34E /* US_President_L_22.jpg in Resources */ = {isa = PBXBuildFile; fileRef = 3FDDF1DF235822490078D34E /* US_President_L_22.jpg */; };
		3FDDF20D2358224A0078D34E /* US_President_L_31.jpg in Resources */ = {isa = PBXBuildFile; fileRef = 3FDDF1E0235822490078D34E /* US_President_L_31.jpg */; };
		3FDDF20E2358224A0078D34E /* US_President_L_36.jpg in Resources */ = {isa = PBXBuildFile; fileRef = 3FDDF1E1235822490078D34E /* US_President_L_36.jpg */; };
		3FDDF20F2358224A0078D34E /* US_President_L_24.jpg in Resources */ = {isa = PBXBuildFile; fileRef = 3FDDF1E2235822490078D34E /* US_President_L_24.jpg */; };
		3FDDF2102358224A0078D34E /* US_President_L_14.jpg in Resources */ = {isa = PBXBuildFile; fileRef = 3FDDF1E3235822490078D34E /* US_President_L_14.jpg */; };
		3FDDF2112358224A0078D34E /* US_President_L_45.jpg in Resources */ = {isa = PBXBuildFile; fileRef = 3FDDF1E4235822490078D34E /* US_President_L_45.jpg */; };
		3FDDF2122358224A0078D34E /* US_President_L_2.jpg in Resources */ = {isa = PBXBuildFile; fileRef = 3FDDF1E5235822490078D34E /* US_President_L_2.jpg */; };
		3FDDF2132358224A0078D34E /* US_President_L_16.jpg in Resources */ = {isa = PBXBuildFile; fileRef = 3FDDF1E6235822490078D34E /* US_President_L_16.jpg */; };
		3FDDF2142358224A0078D34E /* US_President_L_13.jpg in Resources */ = {isa = PBXBuildFile; fileRef = 3FDDF1E72358224A0078D34E /* US_President_L_13.jpg */; };
		3FDDF2152358224A0078D34E /* US_President_L_3.jpg in Resources */ = {isa = PBXBuildFile; fileRef = 3FDDF1E82358224A0078D34E /* US_President_L_3.jpg */; };
		3FDDF2162358224A0078D34E /* US_President_L_39.jpg in Resources */ = {isa = PBXBuildFile; fileRef = 3FDDF1E92358224A0078D34E /* US_President_L_39.jpg */; };
		3FDDF2172358224A0078D34E /* US_President_L_41.jpg in Resources */ = {isa = PBXBuildFile; fileRef = 3FDDF1EA2358224A0078D34E /* US_President_L_41.jpg */; };
		3FDDF2182358224A0078D34E /* US_President_L_6.jpg in Resources */ = {isa = PBXBuildFile; fileRef = 3FDDF1EB2358224A0078D34E /* US_President_L_6.jpg */; };
		3FDDF2192358224A0078D34E /* US_President_L_8.jpg in Resources */ = {isa = PBXBuildFile; fileRef = 3FDDF1EC2358224A0078D34E /* US_President_L_8.jpg */; };
		3FDDF21A2358224A0078D34E /* US_President_L_5.jpg in Resources */ = {isa = PBXBuildFile; fileRef = 3FDDF1ED2358224A0078D34E /* US_President_L_5.jpg */; };
		3FDDF21B2358224A0078D34E /* US_President_L_1.jpg in Resources */ = {isa = PBXBuildFile; fileRef = 3FDDF1EE2358224A0078D34E /* US_President_L_1.jpg */; };
		3FDDF21D23583C130078D34E /* WebView.swift in Sources */ = {isa = PBXBuildFile; fileRef = 3FDDF21C23583C130078D34E /* WebView.swift */; };
		3FDDF21F235842EA0078D34E /* string+url.swift in Sources */ = {isa = PBXBuildFile; fileRef = 3FDDF21E235842EA0078D34E /* string+url.swift */; };
/* End PBXBuildFile section */

/* Begin PBXContainerItemProxy section */
		3FDDF0D32357AD790078D34E /* PBXContainerItemProxy */ = {
			isa = PBXContainerItemProxy;
			containerPortal = 3FDDF0B42357AD6A0078D34E /* Project object */;
			proxyType = 1;
			remoteGlobalIDString = 3FDDF0BB2357AD6A0078D34E;
			remoteInfo = "Project 2 Stewart Jason";
		};
		3FDDF0DE2357AD790078D34E /* PBXContainerItemProxy */ = {
			isa = PBXContainerItemProxy;
			containerPortal = 3FDDF0B42357AD6A0078D34E /* Project object */;
			proxyType = 1;
			remoteGlobalIDString = 3FDDF0BB2357AD6A0078D34E;
			remoteInfo = "Project 2 Stewart Jason";
		};
/* End PBXContainerItemProxy section */

/* Begin PBXFileReference section */
		3FDDF0BC2357AD6A0078D34E /* Project 2 Stewart Jason.app */ = {isa = PBXFileReference; explicitFileType = wrapper.application; includeInIndex = 0; path = "Project 2 Stewart Jason.app"; sourceTree = BUILT_PRODUCTS_DIR; };
		3FDDF0BF2357AD6A0078D34E /* AppDelegate.swift */ = {isa = PBXFileReference; lastKnownFileType = sourcecode.swift; path = AppDelegate.swift; sourceTree = "<group>"; };
		3FDDF0C12357AD6A0078D34E /* SceneDelegate.swift */ = {isa = PBXFileReference; lastKnownFileType = sourcecode.swift; path = SceneDelegate.swift; sourceTree = "<group>"; };
		3FDDF0C52357AD790078D34E /* Assets.xcassets */ = {isa = PBXFileReference; lastKnownFileType = folder.assetcatalog; path = Assets.xcassets; sourceTree = "<group>"; };
		3FDDF0C82357AD790078D34E /* Preview Assets.xcassets */ = {isa = PBXFileReference; lastKnownFileType = folder.assetcatalog; path = "Preview Assets.xcassets"; sourceTree = "<group>"; };
		3FDDF0CB2357AD790078D34E /* Base */ = {isa = PBXFileReference; lastKnownFileType = file.storyboard; name = Base; path = Base.lproj/LaunchScreen.storyboard; sourceTree = "<group>"; };
		3FDDF0CD2357AD790078D34E /* Info.plist */ = {isa = PBXFileReference; lastKnownFileType = text.plist.xml; path = Info.plist; sourceTree = "<group>"; };
		3FDDF0D22357AD790078D34E /* Project 2 Stewart JasonTests.xctest */ = {isa = PBXFileReference; explicitFileType = wrapper.cfbundle; includeInIndex = 0; path = "Project 2 Stewart JasonTests.xctest"; sourceTree = BUILT_PRODUCTS_DIR; };
		3FDDF0D62357AD790078D34E /* Project_2_Stewart_JasonTests.swift */ = {isa = PBXFileReference; lastKnownFileType = sourcecode.swift; path = Project_2_Stewart_JasonTests.swift; sourceTree = "<group>"; };
		3FDDF0D82357AD790078D34E /* Info.plist */ = {isa = PBXFileReference; lastKnownFileType = text.plist.xml; path = Info.plist; sourceTree = "<group>"; };
		3FDDF0DD2357AD790078D34E /* Project 2 Stewart JasonUITests.xctest */ = {isa = PBXFileReference; explicitFileType = wrapper.cfbundle; includeInIndex = 0; path = "Project 2 Stewart JasonUITests.xctest"; sourceTree = BUILT_PRODUCTS_DIR; };
		3FDDF0E12357AD790078D34E /* Project_2_Stewart_JasonUITests.swift */ = {isa = PBXFileReference; lastKnownFileType = sourcecode.swift; path = Project_2_Stewart_JasonUITests.swift; sourceTree = "<group>"; };
		3FDDF0E32357AD790078D34E /* Info.plist */ = {isa = PBXFileReference; lastKnownFileType = text.plist.xml; path = Info.plist; sourceTree = "<group>"; };
		3FDDF0F32357CFBD0078D34E /* President.swift */ = {isa = PBXFileReference; lastKnownFileType = sourcecode.swift; path = President.swift; sourceTree = "<group>"; };
		3FDDF0F52357CFE50078D34E /* PresidentRow.swift */ = {isa = PBXFileReference; lastKnownFileType = sourcecode.swift; path = PresidentRow.swift; sourceTree = "<group>"; };
		3FDDF0F72357CFF00078D34E /* Data.swift */ = {isa = PBXFileReference; lastKnownFileType = sourcecode.swift; path = Data.swift; sourceTree = "<group>"; };
		3FDDF0F92357D09A0078D34E /* presidents.json */ = {isa = PBXFileReference; fileEncoding = 4; lastKnownFileType = text.json; name = presidents.json; path = ../../../../../Downloads/presidents.json; sourceTree = "<group>"; };
		3FDDF0FB2357DAC50078D34E /* 1-washington.jpg */ = {isa = PBXFileReference; lastKnownFileType = image.jpeg; name = "1-washington.jpg"; path = "../../../../../Downloads/1-washington.jpg"; sourceTree = "<group>"; };
		3FDDF15B2357E8470078D34E /* PresidentList.swift */ = {isa = PBXFileReference; lastKnownFileType = sourcecode.swift; path = PresidentList.swift; sourceTree = "<group>"; };
		3FDDF15F2357E9E90078D34E /* PresidentDetail.swift */ = {isa = PBXFileReference; lastKnownFileType = sourcecode.swift; path = PresidentDetail.swift; sourceTree = "<group>"; };
		3FDDF1C02358186B0078D34E /* CircleImage.swift */ = {isa = PBXFileReference; lastKnownFileType = sourcecode.swift; path = CircleImage.swift; sourceTree = "<group>"; };
		3FDDF1C2235822480078D34E /* US_President_L_11.jpg */ = {isa = PBXFileReference; lastKnownFileType = image.jpeg; name = US_President_L_11.jpg; path = "../../../../../Downloads/large president pictures/US_President_L_11.jpg"; sourceTree = "<group>"; };
		3FDDF1C3235822480078D34E /* US_President_L_26.jpg */ = {isa = PBXFileReference; lastKnownFileType = image.jpeg; name = US_President_L_26.jpg; path = "../../../../../Downloads/large president pictures/US_President_L_26.jpg"; sourceTree = "<group>"; };
		3FDDF1C4235822480078D34E /* US_President_L_18.jpg */ = {isa = PBXFileReference; lastKnownFileType = image.jpeg; name = US_President_L_18.jpg; path = "../../../../../Downloads/large president pictures/US_President_L_18.jpg"; sourceTree = "<group>"; };
		3FDDF1C5235822480078D34E /* US_President_L_17.jpg */ = {isa = PBXFileReference; lastKnownFileType = image.jpeg; name = US_President_L_17.jpg; path = "../../../../../Downloads/large president pictures/US_President_L_17.jpg"; sourceTree = "<group>"; };
		3FDDF1C6235822480078D34E /* US_President_L_9.jpg */ = {isa = PBXFileReference; lastKnownFileType = image.jpeg; name = US_President_L_9.jpg; path = "../../../../../Downloads/large president pictures/US_President_L_9.jpg"; sourceTree = "<group>"; };
		3FDDF1C7235822480078D34E /* US_President_L_30.jpg */ = {isa = PBXFileReference; lastKnownFileType = image.jpeg; name = US_President_L_30.jpg; path = "../../../../../Downloads/large president pictures/US_President_L_30.jpg"; sourceTree = "<group>"; };
		3FDDF1C8235822480078D34E /* US_President_L_12.jpg */ = {isa = PBXFileReference; lastKnownFileType = image.jpeg; name = US_President_L_12.jpg; path = "../../../../../Downloads/large president pictures/US_President_L_12.jpg"; sourceTree = "<group>"; };
		3FDDF1C9235822480078D34E /* US_President_L_33.jpg */ = {isa = PBXFileReference; lastKnownFileType = image.jpeg; name = US_President_L_33.jpg; path = "../../../../../Downloads/large president pictures/US_President_L_33.jpg"; sourceTree = "<group>"; };
		3FDDF1CA235822480078D34E /* US_President_L_29.jpg */ = {isa = PBXFileReference; lastKnownFileType = image.jpeg; name = US_President_L_29.jpg; path = "../../../../../Downloads/large president pictures/US_President_L_29.jpg"; sourceTree = "<group>"; };
		3FDDF1CB235822480078D34E /* US_President_L_35.jpg */ = {isa = PBXFileReference; lastKnownFileType = image.jpeg; name = US_President_L_35.jpg; path = "../../../../../Downloads/large president pictures/US_President_L_35.jpg"; sourceTree = "<group>"; };
		3FDDF1CC235822480078D34E /* US_President_L_34.jpg */ = {isa = PBXFileReference; lastKnownFileType = image.jpeg; name = US_President_L_34.jpg; path = "../../../../../Downloads/large president pictures/US_President_L_34.jpg"; sourceTree = "<group>"; };
		3FDDF1CD235822480078D34E /* US_President_L_10.jpg */ = {isa = PBXFileReference; lastKnownFileType = image.jpeg; name = US_President_L_10.jpg; path = "../../../../../Downloads/large president pictures/US_President_L_10.jpg"; sourceTree = "<group>"; };
		3FDDF1CE235822480078D34E /* US_President_L_42.jpg */ = {isa = PBXFileReference; lastKnownFileType = image.jpeg; name = US_President_L_42.jpg; path = "../../../../../Downloads/large president pictures/US_President_L_42.jpg"; sourceTree = "<group>"; };
		3FDDF1CF235822480078D34E /* US_President_L_15.jpg */ = {isa = PBXFileReference; lastKnownFileType = image.jpeg; name = US_President_L_15.jpg; path = "../../../../../Downloads/large president pictures/US_President_L_15.jpg"; sourceTree = "<group>"; };
		3FDDF1D0235822480078D34E /* US_President_L_44.jpg */ = {isa = PBXFileReference; lastKnownFileType = image.jpeg; name = US_President_L_44.jpg; path = "../../../../../Downloads/large president pictures/US_President_L_44.jpg"; sourceTree = "<group>"; };
		3FDDF1D1235822480078D34E /* US_President_L_19.jpg */ = {isa = PBXFileReference; lastKnownFileType = image.jpeg; name = US_President_L_19.jpg; path = "../../../../../Downloads/large president pictures/US_President_L_19.jpg"; sourceTree = "<group>"; };
		3FDDF1D2235822480078D34E /* US_President_L_32.jpg */ = {isa = PBXFileReference; lastKnownFileType = image.jpeg; name = US_President_L_32.jpg; path = "../../../../../Downloads/large president pictures/US_President_L_32.jpg"; sourceTree = "<group>"; };
		3FDDF1D3235822480078D34E /* US_President_L_27.jpg */ = {isa = PBXFileReference; lastKnownFileType = image.jpeg; name = US_President_L_27.jpg; path = "../../../../../Downloads/large president pictures/US_President_L_27.jpg"; sourceTree = "<group>"; };
		3FDDF1D4235822480078D34E /* US_President_L_40.jpg */ = {isa = PBXFileReference; lastKnownFileType = image.jpeg; name = US_President_L_40.jpg; path = "../../../../../Downloads/large president pictures/US_President_L_40.jpg"; sourceTree = "<group>"; };
		3FDDF1D5235822490078D34E /* US_President_L_23.jpg */ = {isa = PBXFileReference; lastKnownFileType = image.jpeg; name = US_President_L_23.jpg; path = "../../../../../Downloads/large president pictures/US_President_L_23.jpg"; sourceTree = "<group>"; };
		3FDDF1D6235822490078D34E /* US_President_L_28.jpg */ = {isa = PBXFileReference; lastKnownFileType = image.jpeg; name = US_President_L_28.jpg; path = "../../../../../Downloads/large president pictures/US_President_L_28.jpg"; sourceTree = "<group>"; };
		3FDDF1D7235822490078D34E /* US_President_L_7.jpg */ = {isa = PBXFileReference; lastKnownFileType = image.jpeg; name = US_President_L_7.jpg; path = "../../../../../Downloads/large president pictures/US_President_L_7.jpg"; sourceTree = "<group>"; };
		3FDDF1D8235822490078D34E /* US_President_L_25.jpg */ = {isa = PBXFileReference; lastKnownFileType = image.jpeg; name = US_President_L_25.jpg; path = "../../../../../Downloads/large president pictures/US_President_L_25.jpg"; sourceTree = "<group>"; };
		3FDDF1D9235822490078D34E /* US_President_L_20.jpg */ = {isa = PBXFileReference; lastKnownFileType = image.jpeg; name = US_President_L_20.jpg; path = "../../../../../Downloads/large president pictures/US_President_L_20.jpg"; sourceTree = "<group>"; };
		3FDDF1DA235822490078D34E /* US_President_L_21.jpg */ = {isa = PBXFileReference; lastKnownFileType = image.jpeg; name = US_President_L_21.jpg; path = "../../../../../Downloads/large president pictures/US_President_L_21.jpg"; sourceTree = "<group>"; };
		3FDDF1DB235822490078D34E /* US_President_L_38.jpg */ = {isa = PBXFileReference; lastKnownFileType = image.jpeg; name = US_President_L_38.jpg; path = "../../../../../Downloads/large president pictures/US_President_L_38.jpg"; sourceTree = "<group>"; };
		3FDDF1DC235822490078D34E /* US_President_L_37.jpg */ = {isa = PBXFileReference; lastKnownFileType = image.jpeg; name = US_President_L_37.jpg; path = "../../../../../Downloads/large president pictures/US_President_L_37.jpg"; sourceTree = "<group>"; };
		3FDDF1DD235822490078D34E /* US_President_L_43.jpeg */ = {isa = PBXFileReference; lastKnownFileType = image.jpeg; name = US_President_L_43.jpeg; path = "../../../../../Downloads/large president pictures/US_President_L_43.jpeg"; sourceTree = "<group>"; };
		3FDDF1DE235822490078D34E /* US_President_L_4.jpg */ = {isa = PBXFileReference; lastKnownFileType = image.jpeg; name = US_President_L_4.jpg; path = "../../../../../Downloads/large president pictures/US_President_L_4.jpg"; sourceTree = "<group>"; };
		3FDDF1DF235822490078D34E /* US_President_L_22.jpg */ = {isa = PBXFileReference; lastKnownFileType = image.jpeg; name = US_President_L_22.jpg; path = "../../../../../Downloads/large president pictures/US_President_L_22.jpg"; sourceTree = "<group>"; };
		3FDDF1E0235822490078D34E /* US_President_L_31.jpg */ = {isa = PBXFileReference; lastKnownFileType = image.jpeg; name = US_President_L_31.jpg; path = "../../../../../Downloads/large president pictures/US_President_L_31.jpg"; sourceTree = "<group>"; };
		3FDDF1E1235822490078D34E /* US_President_L_36.jpg */ = {isa = PBXFileReference; lastKnownFileType = image.jpeg; name = US_President_L_36.jpg; path = "../../../../../Downloads/large president pictures/US_President_L_36.jpg"; sourceTree = "<group>"; };
		3FDDF1E2235822490078D34E /* US_President_L_24.jpg */ = {isa = PBXFileReference; lastKnownFileType = image.jpeg; name = US_President_L_24.jpg; path = "../../../../../Downloads/large president pictures/US_President_L_24.jpg"; sourceTree = "<group>"; };
		3FDDF1E3235822490078D34E /* US_President_L_14.jpg */ = {isa = PBXFileReference; lastKnownFileType = image.jpeg; name = US_President_L_14.jpg; path = "../../../../../Downloads/large president pictures/US_President_L_14.jpg"; sourceTree = "<group>"; };
		3FDDF1E4235822490078D34E /* US_President_L_45.jpg */ = {isa = PBXFileReference; lastKnownFileType = image.jpeg; name = US_President_L_45.jpg; path = "../../../../../Downloads/large president pictures/US_President_L_45.jpg"; sourceTree = "<group>"; };
		3FDDF1E5235822490078D34E /* US_President_L_2.jpg */ = {isa = PBXFileReference; lastKnownFileType = image.jpeg; name = US_President_L_2.jpg; path = "../../../../../Downloads/large president pictures/US_President_L_2.jpg"; sourceTree = "<group>"; };
		3FDDF1E6235822490078D34E /* US_President_L_16.jpg */ = {isa = PBXFileReference; lastKnownFileType = image.jpeg; name = US_President_L_16.jpg; path = "../../../../../Downloads/large president pictures/US_President_L_16.jpg"; sourceTree = "<group>"; };
		3FDDF1E72358224A0078D34E /* US_President_L_13.jpg */ = {isa = PBXFileReference; lastKnownFileType = image.jpeg; name = US_President_L_13.jpg; path = "../../../../../Downloads/large president pictures/US_President_L_13.jpg"; sourceTree = "<group>"; };
		3FDDF1E82358224A0078D34E /* US_President_L_3.jpg */ = {isa = PBXFileReference; lastKnownFileType = image.jpeg; name = US_President_L_3.jpg; path = "../../../../../Downloads/large president pictures/US_President_L_3.jpg"; sourceTree = "<group>"; };
		3FDDF1E92358224A0078D34E /* US_President_L_39.jpg */ = {isa = PBXFileReference; lastKnownFileType = image.jpeg; name = US_President_L_39.jpg; path = "../../../../../Downloads/large president pictures/US_President_L_39.jpg"; sourceTree = "<group>"; };
		3FDDF1EA2358224A0078D34E /* US_President_L_41.jpg */ = {isa = PBXFileReference; lastKnownFileType = image.jpeg; name = US_President_L_41.jpg; path = "../../../../../Downloads/large president pictures/US_President_L_41.jpg"; sourceTree = "<group>"; };
		3FDDF1EB2358224A0078D34E /* US_President_L_6.jpg */ = {isa = PBXFileReference; lastKnownFileType = image.jpeg; name = US_President_L_6.jpg; path = "../../../../../Downloads/large president pictures/US_President_L_6.jpg"; sourceTree = "<group>"; };
		3FDDF1EC2358224A0078D34E /* US_President_L_8.jpg */ = {isa = PBXFileReference; lastKnownFileType = image.jpeg; name = US_President_L_8.jpg; path = "../../../../../Downloads/large president pictures/US_President_L_8.jpg"; sourceTree = "<group>"; };
		3FDDF1ED2358224A0078D34E /* US_President_L_5.jpg */ = {isa = PBXFileReference; lastKnownFileType = image.jpeg; name = US_President_L_5.jpg; path = "../../../../../Downloads/large president pictures/US_President_L_5.jpg"; sourceTree = "<group>"; };
		3FDDF1EE2358224A0078D34E /* US_President_L_1.jpg */ = {isa = PBXFileReference; lastKnownFileType = image.jpeg; name = US_President_L_1.jpg; path = "../../../../../Downloads/large president pictures/US_President_L_1.jpg"; sourceTree = "<group>"; };
		3FDDF21C23583C130078D34E /* WebView.swift */ = {isa = PBXFileReference; lastKnownFileType = sourcecode.swift; path = WebView.swift; sourceTree = "<group>"; };
		3FDDF21E235842EA0078D34E /* string+url.swift */ = {isa = PBXFileReference; lastKnownFileType = sourcecode.swift; path = "string+url.swift"; sourceTree = "<group>"; };
/* End PBXFileReference section */

/* Begin PBXFrameworksBuildPhase section */
		3FDDF0B92357AD6A0078D34E /* Frameworks */ = {
			isa = PBXFrameworksBuildPhase;
			buildActionMask = 2147483647;
			files = (
			);
			runOnlyForDeploymentPostprocessing = 0;
		};
		3FDDF0CF2357AD790078D34E /* Frameworks */ = {
			isa = PBXFrameworksBuildPhase;
			buildActionMask = 2147483647;
			files = (
			);
			runOnlyForDeploymentPostprocessing = 0;
		};
		3FDDF0DA2357AD790078D34E /* Frameworks */ = {
			isa = PBXFrameworksBuildPhase;
			buildActionMask = 2147483647;
			files = (
			);
			runOnlyForDeploymentPostprocessing = 0;
		};
/* End PBXFrameworksBuildPhase section */

/* Begin PBXGroup section */
		3FDDF0B32357AD6A0078D34E = {
			isa = PBXGroup;
			children = (
				3FDDF0BE2357AD6A0078D34E /* Project 2 Stewart Jason */,
				3FDDF0D52357AD790078D34E /* Project 2 Stewart JasonTests */,
				3FDDF0E02357AD790078D34E /* Project 2 Stewart JasonUITests */,
				3FDDF0BD2357AD6A0078D34E /* Products */,
			);
			sourceTree = "<group>";
		};
		3FDDF0BD2357AD6A0078D34E /* Products */ = {
			isa = PBXGroup;
			children = (
				3FDDF0BC2357AD6A0078D34E /* Project 2 Stewart Jason.app */,
				3FDDF0D22357AD790078D34E /* Project 2 Stewart JasonTests.xctest */,
				3FDDF0DD2357AD790078D34E /* Project 2 Stewart JasonUITests.xctest */,
			);
			name = Products;
			sourceTree = "<group>";
		};
		3FDDF0BE2357AD6A0078D34E /* Project 2 Stewart Jason */ = {
			isa = PBXGroup;
			children = (
				3FDDF0F22357CFA60078D34E /* Supporting Files */,
				3FDDF0F12357CF810078D34E /* View */,
				3FDDF0F02357CF7A0078D34E /* Controller */,
				3FDDF0EF2357CF430078D34E /* Model */,
				3FDDF0BF2357AD6A0078D34E /* AppDelegate.swift */,
				3FDDF0C12357AD6A0078D34E /* SceneDelegate.swift */,
				3FDDF0C52357AD790078D34E /* Assets.xcassets */,
				3FDDF0CA2357AD790078D34E /* LaunchScreen.storyboard */,
				3FDDF0CD2357AD790078D34E /* Info.plist */,
				3FDDF0C72357AD790078D34E /* Preview Content */,
				3FDDF21E235842EA0078D34E /* string+url.swift */,
			);
			path = "Project 2 Stewart Jason";
			sourceTree = "<group>";
		};
		3FDDF0C72357AD790078D34E /* Preview Content */ = {
			isa = PBXGroup;
			children = (
				3FDDF0C82357AD790078D34E /* Preview Assets.xcassets */,
			);
			path = "Preview Content";
			sourceTree = "<group>";
		};
		3FDDF0D52357AD790078D34E /* Project 2 Stewart JasonTests */ = {
			isa = PBXGroup;
			children = (
				3FDDF0D62357AD790078D34E /* Project_2_Stewart_JasonTests.swift */,
				3FDDF0D82357AD790078D34E /* Info.plist */,
			);
			path = "Project 2 Stewart JasonTests";
			sourceTree = "<group>";
		};
		3FDDF0E02357AD790078D34E /* Project 2 Stewart JasonUITests */ = {
			isa = PBXGroup;
			children = (
				3FDDF0E12357AD790078D34E /* Project_2_Stewart_JasonUITests.swift */,
				3FDDF0E32357AD790078D34E /* Info.plist */,
			);
			path = "Project 2 Stewart JasonUITests";
			sourceTree = "<group>";
		};
		3FDDF0EF2357CF430078D34E /* Model */ = {
			isa = PBXGroup;
			children = (
				3FDDF0F32357CFBD0078D34E /* President.swift */,
				3FDDF0F72357CFF00078D34E /* Data.swift */,
				3FDDF1C02358186B0078D34E /* CircleImage.swift */,
			);
			path = Model;
			sourceTree = "<group>";
		};
		3FDDF0F02357CF7A0078D34E /* Controller */ = {
			isa = PBXGroup;
			children = (
			);
			path = Controller;
			sourceTree = "<group>";
		};
		3FDDF0F12357CF810078D34E /* View */ = {
			isa = PBXGroup;
			children = (
				3FDDF0F52357CFE50078D34E /* PresidentRow.swift */,
				3FDDF15B2357E8470078D34E /* PresidentList.swift */,
				3FDDF15F2357E9E90078D34E /* PresidentDetail.swift */,
				3FDDF21C23583C130078D34E /* WebView.swift */,
			);
			path = View;
			sourceTree = "<group>";
		};
		3FDDF0F22357CFA60078D34E /* Supporting Files */ = {
			isa = PBXGroup;
			children = (
				3FDDF1EE2358224A0078D34E /* US_President_L_1.jpg */,
				3FDDF1E5235822490078D34E /* US_President_L_2.jpg */,
				3FDDF1E82358224A0078D34E /* US_President_L_3.jpg */,
				3FDDF1DE235822490078D34E /* US_President_L_4.jpg */,
				3FDDF1ED2358224A0078D34E /* US_President_L_5.jpg */,
				3FDDF1EB2358224A0078D34E /* US_President_L_6.jpg */,
				3FDDF1D7235822490078D34E /* US_President_L_7.jpg */,
				3FDDF1EC2358224A0078D34E /* US_President_L_8.jpg */,
				3FDDF1C6235822480078D34E /* US_President_L_9.jpg */,
				3FDDF1CD235822480078D34E /* US_President_L_10.jpg */,
				3FDDF1C2235822480078D34E /* US_President_L_11.jpg */,
				3FDDF1C8235822480078D34E /* US_President_L_12.jpg */,
				3FDDF1E72358224A0078D34E /* US_President_L_13.jpg */,
				3FDDF1E3235822490078D34E /* US_President_L_14.jpg */,
				3FDDF1CF235822480078D34E /* US_President_L_15.jpg */,
				3FDDF1E6235822490078D34E /* US_President_L_16.jpg */,
				3FDDF1C5235822480078D34E /* US_President_L_17.jpg */,
				3FDDF1C4235822480078D34E /* US_President_L_18.jpg */,
				3FDDF1D1235822480078D34E /* US_President_L_19.jpg */,
				3FDDF1D9235822490078D34E /* US_President_L_20.jpg */,
				3FDDF1DA235822490078D34E /* US_President_L_21.jpg */,
				3FDDF1DF235822490078D34E /* US_President_L_22.jpg */,
				3FDDF1D5235822490078D34E /* US_President_L_23.jpg */,
				3FDDF1E2235822490078D34E /* US_President_L_24.jpg */,
				3FDDF1D8235822490078D34E /* US_President_L_25.jpg */,
				3FDDF1C3235822480078D34E /* US_President_L_26.jpg */,
				3FDDF1D3235822480078D34E /* US_President_L_27.jpg */,
				3FDDF1D6235822490078D34E /* US_President_L_28.jpg */,
				3FDDF1CA235822480078D34E /* US_President_L_29.jpg */,
				3FDDF1C7235822480078D34E /* US_President_L_30.jpg */,
				3FDDF1E0235822490078D34E /* US_President_L_31.jpg */,
				3FDDF1D2235822480078D34E /* US_President_L_32.jpg */,
				3FDDF1C9235822480078D34E /* US_President_L_33.jpg */,
				3FDDF1CC235822480078D34E /* US_President_L_34.jpg */,
				3FDDF1CB235822480078D34E /* US_President_L_35.jpg */,
				3FDDF1E1235822490078D34E /* US_President_L_36.jpg */,
				3FDDF1DC235822490078D34E /* US_President_L_37.jpg */,
				3FDDF1DB235822490078D34E /* US_President_L_38.jpg */,
				3FDDF1E92358224A0078D34E /* US_President_L_39.jpg */,
				3FDDF1D4235822480078D34E /* US_President_L_40.jpg */,
				3FDDF1EA2358224A0078D34E /* US_President_L_41.jpg */,
				3FDDF1CE235822480078D34E /* US_President_L_42.jpg */,
				3FDDF1DD235822490078D34E /* US_President_L_43.jpeg */,
				3FDDF1D0235822480078D34E /* US_President_L_44.jpg */,
				3FDDF1E4235822490078D34E /* US_President_L_45.jpg */,
				3FDDF0F92357D09A0078D34E /* presidents.json */,
				3FDDF0FB2357DAC50078D34E /* 1-washington.jpg */,
			);
			path = "Supporting Files";
			sourceTree = "<group>";
		};
/* End PBXGroup section */

/* Begin PBXNativeTarget section */
		3FDDF0BB2357AD6A0078D34E /* Project 2 Stewart Jason */ = {
			isa = PBXNativeTarget;
			buildConfigurationList = 3FDDF0E62357AD790078D34E /* Build configuration list for PBXNativeTarget "Project 2 Stewart Jason" */;
			buildPhases = (
				3FDDF0B82357AD6A0078D34E /* Sources */,
				3FDDF0B92357AD6A0078D34E /* Frameworks */,
				3FDDF0BA2357AD6A0078D34E /* Resources */,
			);
			buildRules = (
			);
			dependencies = (
			);
			name = "Project 2 Stewart Jason";
			productName = "Project 2 Stewart Jason";
			productReference = 3FDDF0BC2357AD6A0078D34E /* Project 2 Stewart Jason.app */;
			productType = "com.apple.product-type.application";
		};
		3FDDF0D12357AD790078D34E /* Project 2 Stewart JasonTests */ = {
			isa = PBXNativeTarget;
			buildConfigurationList = 3FDDF0E92357AD790078D34E /* Build configuration list for PBXNativeTarget "Project 2 Stewart JasonTests" */;
			buildPhases = (
				3FDDF0CE2357AD790078D34E /* Sources */,
				3FDDF0CF2357AD790078D34E /* Frameworks */,
				3FDDF0D02357AD790078D34E /* Resources */,
			);
			buildRules = (
			);
			dependencies = (
				3FDDF0D42357AD790078D34E /* PBXTargetDependency */,
			);
			name = "Project 2 Stewart JasonTests";
			productName = "Project 2 Stewart JasonTests";
			productReference = 3FDDF0D22357AD790078D34E /* Project 2 Stewart JasonTests.xctest */;
			productType = "com.apple.product-type.bundle.unit-test";
		};
		3FDDF0DC2357AD790078D34E /* Project 2 Stewart JasonUITests */ = {
			isa = PBXNativeTarget;
			buildConfigurationList = 3FDDF0EC2357AD790078D34E /* Build configuration list for PBXNativeTarget "Project 2 Stewart JasonUITests" */;
			buildPhases = (
				3FDDF0D92357AD790078D34E /* Sources */,
				3FDDF0DA2357AD790078D34E /* Frameworks */,
				3FDDF0DB2357AD790078D34E /* Resources */,
			);
			buildRules = (
			);
			dependencies = (
				3FDDF0DF2357AD790078D34E /* PBXTargetDependency */,
			);
			name = "Project 2 Stewart JasonUITests";
			productName = "Project 2 Stewart JasonUITests";
			productReference = 3FDDF0DD2357AD790078D34E /* Project 2 Stewart JasonUITests.xctest */;
			productType = "com.apple.product-type.bundle.ui-testing";
		};
/* End PBXNativeTarget section */

/* Begin PBXProject section */
		3FDDF0B42357AD6A0078D34E /* Project object */ = {
			isa = PBXProject;
			attributes = {
				LastSwiftUpdateCheck = 1110;
				LastUpgradeCheck = 1110;
				ORGANIZATIONNAME = Student;
				TargetAttributes = {
					3FDDF0BB2357AD6A0078D34E = {
						CreatedOnToolsVersion = 11.1;
					};
					3FDDF0D12357AD790078D34E = {
						CreatedOnToolsVersion = 11.1;
						TestTargetID = 3FDDF0BB2357AD6A0078D34E;
					};
					3FDDF0DC2357AD790078D34E = {
						CreatedOnToolsVersion = 11.1;
						TestTargetID = 3FDDF0BB2357AD6A0078D34E;
					};
				};
			};
			buildConfigurationList = 3FDDF0B72357AD6A0078D34E /* Build configuration list for PBXProject "Project 2 Stewart Jason" */;
			compatibilityVersion = "Xcode 9.3";
			developmentRegion = en;
			hasScannedForEncodings = 0;
			knownRegions = (
				en,
				Base,
			);
			mainGroup = 3FDDF0B32357AD6A0078D34E;
			productRefGroup = 3FDDF0BD2357AD6A0078D34E /* Products */;
			projectDirPath = "";
			projectRoot = "";
			targets = (
				3FDDF0BB2357AD6A0078D34E /* Project 2 Stewart Jason */,
				3FDDF0D12357AD790078D34E /* Project 2 Stewart JasonTests */,
				3FDDF0DC2357AD790078D34E /* Project 2 Stewart JasonUITests */,
			);
		};
/* End PBXProject section */

/* Begin PBXResourcesBuildPhase section */
		3FDDF0BA2357AD6A0078D34E /* Resources */ = {
			isa = PBXResourcesBuildPhase;
			buildActionMask = 2147483647;
			files = (
				3FDDF2062358224A0078D34E /* US_President_L_20.jpg in Resources */,
				3FDDF1F42358224A0078D34E /* US_President_L_30.jpg in Resources */,
				3FDDF0FC2357DAC50078D34E /* 1-washington.jpg in Resources */,
				3FDDF0FA2357D09A0078D34E /* presidents.json in Resources */,
				3FDDF2112358224A0078D34E /* US_President_L_45.jpg in Resources */,
				3FDDF21B2358224A0078D34E /* US_President_L_1.jpg in Resources */,
				3FDDF20B2358224A0078D34E /* US_President_L_4.jpg in Resources */,
				3FDDF2162358224A0078D34E /* US_President_L_39.jpg in Resources */,
				3FDDF0CC2357AD790078D34E /* LaunchScreen.storyboard in Resources */,
				3FDDF2042358224A0078D34E /* US_President_L_7.jpg in Resources */,
				3FDDF2142358224A0078D34E /* US_President_L_13.jpg in Resources */,
				3FDDF2192358224A0078D34E /* US_President_L_8.jpg in Resources */,
				3FDDF1EF2358224A0078D34E /* US_President_L_11.jpg in Resources */,
				3FDDF20A2358224A0078D34E /* US_President_L_43.jpeg in Resources */,
				3FDDF2182358224A0078D34E /* US_President_L_6.jpg in Resources */,
				3FDDF1FC2358224A0078D34E /* US_President_L_15.jpg in Resources */,
				3FDDF20C2358224A0078D34E /* US_President_L_22.jpg in Resources */,
				3FDDF2002358224A0078D34E /* US_President_L_27.jpg in Resources */,
				3FDDF2082358224A0078D34E /* US_President_L_38.jpg in Resources */,
				3FDDF1F12358224A0078D34E /* US_President_L_18.jpg in Resources */,
				3FDDF1FA2358224A0078D34E /* US_President_L_10.jpg in Resources */,
				3FDDF20D2358224A0078D34E /* US_President_L_31.jpg in Resources */,
				3FDDF1F52358224A0078D34E /* US_President_L_12.jpg in Resources */,
				3FDDF2132358224A0078D34E /* US_President_L_16.jpg in Resources */,
				3FDDF2092358224A0078D34E /* US_President_L_37.jpg in Resources */,
				3FDDF2072358224A0078D34E /* US_President_L_21.jpg in Resources */,
				3FDDF2122358224A0078D34E /* US_President_L_2.jpg in Resources */,
				3FDDF1FE2358224A0078D34E /* US_President_L_19.jpg in Resources */,
				3FDDF1F32358224A0078D34E /* US_President_L_9.jpg in Resources */,
				3FDDF2102358224A0078D34E /* US_President_L_14.jpg in Resources */,
				3FDDF21A2358224A0078D34E /* US_President_L_5.jpg in Resources */,
				3FDDF0C92357AD790078D34E /* Preview Assets.xcassets in Resources */,
				3FDDF1FD2358224A0078D34E /* US_President_L_44.jpg in Resources */,
				3FDDF1F82358224A0078D34E /* US_President_L_35.jpg in Resources */,
				3FDDF2012358224A0078D34E /* US_President_L_40.jpg in Resources */,
				3FDDF20E2358224A0078D34E /* US_President_L_36.jpg in Resources */,
				3FDDF2172358224A0078D34E /* US_President_L_41.jpg in Resources */,
				3FDDF1F92358224A0078D34E /* US_President_L_34.jpg in Resources */,
				3FDDF20F2358224A0078D34E /* US_President_L_24.jpg in Resources */,
				3FDDF1F22358224A0078D34E /* US_President_L_17.jpg in Resources */,
				3FDDF2022358224A0078D34E /* US_President_L_23.jpg in Resources */,
				3FDDF2032358224A0078D34E /* US_President_L_28.jpg in Resources */,
				3FDDF1F72358224A0078D34E /* US_President_L_29.jpg in Resources */,
				3FDDF2152358224A0078D34E /* US_President_L_3.jpg in Resources */,
				3FDDF2052358224A0078D34E /* US_President_L_25.jpg in Resources */,
				3FDDF1F02358224A0078D34E /* US_President_L_26.jpg in Resources */,
				3FDDF1FF2358224A0078D34E /* US_President_L_32.jpg in Resources */,
				3FDDF1FB2358224A0078D34E /* US_President_L_42.jpg in Resources */,
				3FDDF1F62358224A0078D34E /* US_President_L_33.jpg in Resources */,
				3FDDF0C62357AD790078D34E /* Assets.xcassets in Resources */,
			);
			runOnlyForDeploymentPostprocessing = 0;
		};
		3FDDF0D02357AD790078D34E /* Resources */ = {
			isa = PBXResourcesBuildPhase;
			buildActionMask = 2147483647;
			files = (
			);
			runOnlyForDeploymentPostprocessing = 0;
		};
		3FDDF0DB2357AD790078D34E /* Resources */ = {
			isa = PBXResourcesBuildPhase;
			buildActionMask = 2147483647;
			files = (
			);
			runOnlyForDeploymentPostprocessing = 0;
		};
/* End PBXResourcesBuildPhase section */

/* Begin PBXSourcesBuildPhase section */
		3FDDF0B82357AD6A0078D34E /* Sources */ = {
			isa = PBXSourcesBuildPhase;
			buildActionMask = 2147483647;
			files = (
				3FDDF15C2357E8470078D34E /* PresidentList.swift in Sources */,
				3FDDF1C12358186B0078D34E /* CircleImage.swift in Sources */,
				3FDDF0F42357CFBD0078D34E /* President.swift in Sources */,
				3FDDF0F82357CFF00078D34E /* Data.swift in Sources */,
				3FDDF1602357E9E90078D34E /* PresidentDetail.swift in Sources */,
				3FDDF0C02357AD6A0078D34E /* AppDelegate.swift in Sources */,
				3FDDF21F235842EA0078D34E /* string+url.swift in Sources */,
				3FDDF21D23583C130078D34E /* WebView.swift in Sources */,
				3FDDF0F62357CFE50078D34E /* PresidentRow.swift in Sources */,
				3FDDF0C22357AD6A0078D34E /* SceneDelegate.swift in Sources */,
			);
			runOnlyForDeploymentPostprocessing = 0;
		};
		3FDDF0CE2357AD790078D34E /* Sources */ = {
			isa = PBXSourcesBuildPhase;
			buildActionMask = 2147483647;
			files = (
				3FDDF0D72357AD790078D34E /* Project_2_Stewart_JasonTests.swift in Sources */,
			);
			runOnlyForDeploymentPostprocessing = 0;
		};
		3FDDF0D92357AD790078D34E /* Sources */ = {
			isa = PBXSourcesBuildPhase;
			buildActionMask = 2147483647;
			files = (
				3FDDF0E22357AD790078D34E /* Project_2_Stewart_JasonUITests.swift in Sources */,
			);
			runOnlyForDeploymentPostprocessing = 0;
		};
/* End PBXSourcesBuildPhase section */

/* Begin PBXTargetDependency section */
		3FDDF0D42357AD790078D34E /* PBXTargetDependency */ = {
			isa = PBXTargetDependency;
			target = 3FDDF0BB2357AD6A0078D34E /* Project 2 Stewart Jason */;
			targetProxy = 3FDDF0D32357AD790078D34E /* PBXContainerItemProxy */;
		};
		3FDDF0DF2357AD790078D34E /* PBXTargetDependency */ = {
			isa = PBXTargetDependency;
			target = 3FDDF0BB2357AD6A0078D34E /* Project 2 Stewart Jason */;
			targetProxy = 3FDDF0DE2357AD790078D34E /* PBXContainerItemProxy */;
		};
/* End PBXTargetDependency section */

/* Begin PBXVariantGroup section */
		3FDDF0CA2357AD790078D34E /* LaunchScreen.storyboard */ = {
			isa = PBXVariantGroup;
			children = (
				3FDDF0CB2357AD790078D34E /* Base */,
			);
			name = LaunchScreen.storyboard;
			sourceTree = "<group>";
		};
/* End PBXVariantGroup section */

/* Begin XCBuildConfiguration section */
		3FDDF0E42357AD790078D34E /* Debug */ = {
			isa = XCBuildConfiguration;
			buildSettings = {
				ALWAYS_SEARCH_USER_PATHS = NO;
				CLANG_ANALYZER_NONNULL = YES;
				CLANG_ANALYZER_NUMBER_OBJECT_CONVERSION = YES_AGGRESSIVE;
				CLANG_CXX_LANGUAGE_STANDARD = "gnu++14";
				CLANG_CXX_LIBRARY = "libc++";
				CLANG_ENABLE_MODULES = YES;
				CLANG_ENABLE_OBJC_ARC = YES;
				CLANG_ENABLE_OBJC_WEAK = YES;
				CLANG_WARN_BLOCK_CAPTURE_AUTORELEASING = YES;
				CLANG_WARN_BOOL_CONVERSION = YES;
				CLANG_WARN_COMMA = YES;
				CLANG_WARN_CONSTANT_CONVERSION = YES;
				CLANG_WARN_DEPRECATED_OBJC_IMPLEMENTATIONS = YES;
				CLANG_WARN_DIRECT_OBJC_ISA_USAGE = YES_ERROR;
				CLANG_WARN_DOCUMENTATION_COMMENTS = YES;
				CLANG_WARN_EMPTY_BODY = YES;
				CLANG_WARN_ENUM_CONVERSION = YES;
				CLANG_WARN_INFINITE_RECURSION = YES;
				CLANG_WARN_INT_CONVERSION = YES;
				CLANG_WARN_NON_LITERAL_NULL_CONVERSION = YES;
				CLANG_WARN_OBJC_IMPLICIT_RETAIN_SELF = YES;
				CLANG_WARN_OBJC_LITERAL_CONVERSION = YES;
				CLANG_WARN_OBJC_ROOT_CLASS = YES_ERROR;
				CLANG_WARN_RANGE_LOOP_ANALYSIS = YES;
				CLANG_WARN_STRICT_PROTOTYPES = YES;
				CLANG_WARN_SUSPICIOUS_MOVE = YES;
				CLANG_WARN_UNGUARDED_AVAILABILITY = YES_AGGRESSIVE;
				CLANG_WARN_UNREACHABLE_CODE = YES;
				CLANG_WARN__DUPLICATE_METHOD_MATCH = YES;
				COPY_PHASE_STRIP = NO;
				DEBUG_INFORMATION_FORMAT = dwarf;
				ENABLE_STRICT_OBJC_MSGSEND = YES;
				ENABLE_TESTABILITY = YES;
				GCC_C_LANGUAGE_STANDARD = gnu11;
				GCC_DYNAMIC_NO_PIC = NO;
				GCC_NO_COMMON_BLOCKS = YES;
				GCC_OPTIMIZATION_LEVEL = 0;
				GCC_PREPROCESSOR_DEFINITIONS = (
					"DEBUG=1",
					"$(inherited)",
				);
				GCC_WARN_64_TO_32_BIT_CONVERSION = YES;
				GCC_WARN_ABOUT_RETURN_TYPE = YES_ERROR;
				GCC_WARN_UNDECLARED_SELECTOR = YES;
				GCC_WARN_UNINITIALIZED_AUTOS = YES_AGGRESSIVE;
				GCC_WARN_UNUSED_FUNCTION = YES;
				GCC_WARN_UNUSED_VARIABLE = YES;
				IPHONEOS_DEPLOYMENT_TARGET = 13.1;
				MTL_ENABLE_DEBUG_INFO = INCLUDE_SOURCE;
				MTL_FAST_MATH = YES;
				ONLY_ACTIVE_ARCH = YES;
				SDKROOT = iphoneos;
				SWIFT_ACTIVE_COMPILATION_CONDITIONS = DEBUG;
				SWIFT_OPTIMIZATION_LEVEL = "-Onone";
			};
			name = Debug;
		};
		3FDDF0E52357AD790078D34E /* Release */ = {
			isa = XCBuildConfiguration;
			buildSettings = {
				ALWAYS_SEARCH_USER_PATHS = NO;
				CLANG_ANALYZER_NONNULL = YES;
				CLANG_ANALYZER_NUMBER_OBJECT_CONVERSION = YES_AGGRESSIVE;
				CLANG_CXX_LANGUAGE_STANDARD = "gnu++14";
				CLANG_CXX_LIBRARY = "libc++";
				CLANG_ENABLE_MODULES = YES;
				CLANG_ENABLE_OBJC_ARC = YES;
				CLANG_ENABLE_OBJC_WEAK = YES;
				CLANG_WARN_BLOCK_CAPTURE_AUTORELEASING = YES;
				CLANG_WARN_BOOL_CONVERSION = YES;
				CLANG_WARN_COMMA = YES;
				CLANG_WARN_CONSTANT_CONVERSION = YES;
				CLANG_WARN_DEPRECATED_OBJC_IMPLEMENTATIONS = YES;
				CLANG_WARN_DIRECT_OBJC_ISA_USAGE = YES_ERROR;
				CLANG_WARN_DOCUMENTATION_COMMENTS = YES;
				CLANG_WARN_EMPTY_BODY = YES;
				CLANG_WARN_ENUM_CONVERSION = YES;
				CLANG_WARN_INFINITE_RECURSION = YES;
				CLANG_WARN_INT_CONVERSION = YES;
				CLANG_WARN_NON_LITERAL_NULL_CONVERSION = YES;
				CLANG_WARN_OBJC_IMPLICIT_RETAIN_SELF = YES;
				CLANG_WARN_OBJC_LITERAL_CONVERSION = YES;
				CLANG_WARN_OBJC_ROOT_CLASS = YES_ERROR;
				CLANG_WARN_RANGE_LOOP_ANALYSIS = YES;
				CLANG_WARN_STRICT_PROTOTYPES = YES;
				CLANG_WARN_SUSPICIOUS_MOVE = YES;
				CLANG_WARN_UNGUARDED_AVAILABILITY = YES_AGGRESSIVE;
				CLANG_WARN_UNREACHABLE_CODE = YES;
				CLANG_WARN__DUPLICATE_METHOD_MATCH = YES;
				COPY_PHASE_STRIP = NO;
				DEBUG_INFORMATION_FORMAT = "dwarf-with-dsym";
				ENABLE_NS_ASSERTIONS = NO;
				ENABLE_STRICT_OBJC_MSGSEND = YES;
				GCC_C_LANGUAGE_STANDARD = gnu11;
				GCC_NO_COMMON_BLOCKS = YES;
				GCC_WARN_64_TO_32_BIT_CONVERSION = YES;
				GCC_WARN_ABOUT_RETURN_TYPE = YES_ERROR;
				GCC_WARN_UNDECLARED_SELECTOR = YES;
				GCC_WARN_UNINITIALIZED_AUTOS = YES_AGGRESSIVE;
				GCC_WARN_UNUSED_FUNCTION = YES;
				GCC_WARN_UNUSED_VARIABLE = YES;
				IPHONEOS_DEPLOYMENT_TARGET = 13.1;
				MTL_ENABLE_DEBUG_INFO = NO;
				MTL_FAST_MATH = YES;
				SDKROOT = iphoneos;
				SWIFT_COMPILATION_MODE = wholemodule;
				SWIFT_OPTIMIZATION_LEVEL = "-O";
				VALIDATE_PRODUCT = YES;
			};
			name = Release;
		};
		3FDDF0E72357AD790078D34E /* Debug */ = {
			isa = XCBuildConfiguration;
			buildSettings = {
				ASSETCATALOG_COMPILER_APPICON_NAME = AppIcon;
				CODE_SIGN_STYLE = Automatic;
				DEVELOPMENT_ASSET_PATHS = "\"Project 2 Stewart Jason/Preview Content\"";
				DEVELOPMENT_TEAM = G8J7C3G9ZA;
				ENABLE_PREVIEWS = YES;
				INFOPLIST_FILE = "Project 2 Stewart Jason/Info.plist";
				LD_RUNPATH_SEARCH_PATHS = (
					"$(inherited)",
					"@executable_path/Frameworks",
				);
				PRODUCT_BUNDLE_IDENTIFIER = "jjstewart50.Project-2-Stewart-Jason";
				PRODUCT_NAME = "$(TARGET_NAME)";
				SWIFT_VERSION = 5.0;
				TARGETED_DEVICE_FAMILY = "1,2";
			};
			name = Debug;
		};
		3FDDF0E82357AD790078D34E /* Release */ = {
			isa = XCBuildConfiguration;
			buildSettings = {
				ASSETCATALOG_COMPILER_APPICON_NAME = AppIcon;
				CODE_SIGN_STYLE = Automatic;
				DEVELOPMENT_ASSET_PATHS = "\"Project 2 Stewart Jason/Preview Content\"";
				DEVELOPMENT_TEAM = G8J7C3G9ZA;
				ENABLE_PREVIEWS = YES;
				INFOPLIST_FILE = "Project 2 Stewart Jason/Info.plist";
				LD_RUNPATH_SEARCH_PATHS = (
					"$(inherited)",
					"@executable_path/Frameworks",
				);
				PRODUCT_BUNDLE_IDENTIFIER = "jjstewart50.Project-2-Stewart-Jason";
				PRODUCT_NAME = "$(TARGET_NAME)";
				SWIFT_VERSION = 5.0;
				TARGETED_DEVICE_FAMILY = "1,2";
			};
			name = Release;
		};
		3FDDF0EA2357AD790078D34E /* Debug */ = {
			isa = XCBuildConfiguration;
			buildSettings = {
				ALWAYS_EMBED_SWIFT_STANDARD_LIBRARIES = YES;
				BUNDLE_LOADER = "$(TEST_HOST)";
				CODE_SIGN_STYLE = Automatic;
				DEVELOPMENT_TEAM = G8J7C3G9ZA;
				INFOPLIST_FILE = "Project 2 Stewart JasonTests/Info.plist";
				IPHONEOS_DEPLOYMENT_TARGET = 13.1;
				LD_RUNPATH_SEARCH_PATHS = (
					"$(inherited)",
					"@executable_path/Frameworks",
					"@loader_path/Frameworks",
				);
				PRODUCT_BUNDLE_IDENTIFIER = "jjstewart50.Project-2-Stewart-JasonTests";
				PRODUCT_NAME = "$(TARGET_NAME)";
				SWIFT_VERSION = 5.0;
				TARGETED_DEVICE_FAMILY = "1,2";
				TEST_HOST = "$(BUILT_PRODUCTS_DIR)/Project 2 Stewart Jason.app/Project 2 Stewart Jason";
			};
			name = Debug;
		};
		3FDDF0EB2357AD790078D34E /* Release */ = {
			isa = XCBuildConfiguration;
			buildSettings = {
				ALWAYS_EMBED_SWIFT_STANDARD_LIBRARIES = YES;
				BUNDLE_LOADER = "$(TEST_HOST)";
				CODE_SIGN_STYLE = Automatic;
				DEVELOPMENT_TEAM = G8J7C3G9ZA;
				INFOPLIST_FILE = "Project 2 Stewart JasonTests/Info.plist";
				IPHONEOS_DEPLOYMENT_TARGET = 13.1;
				LD_RUNPATH_SEARCH_PATHS = (
					"$(inherited)",
					"@executable_path/Frameworks",
					"@loader_path/Frameworks",
				);
				PRODUCT_BUNDLE_IDENTIFIER = "jjstewart50.Project-2-Stewart-JasonTests";
				PRODUCT_NAME = "$(TARGET_NAME)";
				SWIFT_VERSION = 5.0;
				TARGETED_DEVICE_FAMILY = "1,2";
				TEST_HOST = "$(BUILT_PRODUCTS_DIR)/Project 2 Stewart Jason.app/Project 2 Stewart Jason";
			};
			name = Release;
		};
		3FDDF0ED2357AD790078D34E /* Debug */ = {
			isa = XCBuildConfiguration;
			buildSettings = {
				ALWAYS_EMBED_SWIFT_STANDARD_LIBRARIES = YES;
				CODE_SIGN_STYLE = Automatic;
				DEVELOPMENT_TEAM = G8J7C3G9ZA;
				INFOPLIST_FILE = "Project 2 Stewart JasonUITests/Info.plist";
				LD_RUNPATH_SEARCH_PATHS = (
					"$(inherited)",
					"@executable_path/Frameworks",
					"@loader_path/Frameworks",
				);
				PRODUCT_BUNDLE_IDENTIFIER = "jjstewart50.Project-2-Stewart-JasonUITests";
				PRODUCT_NAME = "$(TARGET_NAME)";
				SWIFT_VERSION = 5.0;
				TARGETED_DEVICE_FAMILY = "1,2";
				TEST_TARGET_NAME = "Project 2 Stewart Jason";
			};
			name = Debug;
		};
		3FDDF0EE2357AD790078D34E /* Release */ = {
			isa = XCBuildConfiguration;
			buildSettings = {
				ALWAYS_EMBED_SWIFT_STANDARD_LIBRARIES = YES;
				CODE_SIGN_STYLE = Automatic;
				DEVELOPMENT_TEAM = G8J7C3G9ZA;
				INFOPLIST_FILE = "Project 2 Stewart JasonUITests/Info.plist";
				LD_RUNPATH_SEARCH_PATHS = (
					"$(inherited)",
					"@executable_path/Frameworks",
					"@loader_path/Frameworks",
				);
				PRODUCT_BUNDLE_IDENTIFIER = "jjstewart50.Project-2-Stewart-JasonUITests";
				PRODUCT_NAME = "$(TARGET_NAME)";
				SWIFT_VERSION = 5.0;
				TARGETED_DEVICE_FAMILY = "1,2";
				TEST_TARGET_NAME = "Project 2 Stewart Jason";
			};
			name = Release;
		};
/* End XCBuildConfiguration section */

/* Begin XCConfigurationList section */
		3FDDF0B72357AD6A0078D34E /* Build configuration list for PBXProject "Project 2 Stewart Jason" */ = {
			isa = XCConfigurationList;
			buildConfigurations = (
				3FDDF0E42357AD790078D34E /* Debug */,
				3FDDF0E52357AD790078D34E /* Release */,
			);
			defaultConfigurationIsVisible = 0;
			defaultConfigurationName = Release;
		};
		3FDDF0E62357AD790078D34E /* Build configuration list for PBXNativeTarget "Project 2 Stewart Jason" */ = {
			isa = XCConfigurationList;
			buildConfigurations = (
				3FDDF0E72357AD790078D34E /* Debug */,
				3FDDF0E82357AD790078D34E /* Release */,
			);
			defaultConfigurationIsVisible = 0;
			defaultConfigurationName = Release;
		};
		3FDDF0E92357AD790078D34E /* Build configuration list for PBXNativeTarget "Project 2 Stewart JasonTests" */ = {
			isa = XCConfigurationList;
			buildConfigurations = (
				3FDDF0EA2357AD790078D34E /* Debug */,
				3FDDF0EB2357AD790078D34E /* Release */,
			);
			defaultConfigurationIsVisible = 0;
			defaultConfigurationName = Release;
		};
		3FDDF0EC2357AD790078D34E /* Build configuration list for PBXNativeTarget "Project 2 Stewart JasonUITests" */ = {
			isa = XCConfigurationList;
			buildConfigurations = (
				3FDDF0ED2357AD790078D34E /* Debug */,
				3FDDF0EE2357AD790078D34E /* Release */,
			);
			defaultConfigurationIsVisible = 0;
			defaultConfigurationName = Release;
		};
/* End XCConfigurationList section */
	};
	rootObject = 3FDDF0B42357AD6A0078D34E /* Project object */;
}
